
Microsoft Visual Studio Solution File, Format Version 12.00
# Visual Studio Version 17
VisualStudioVersion = 17.7.34202.233
MinimumVisualStudioVersion = 10.0.40219.1
Project("{FAE04EC0-301F-11D3-BF4B-00C04F79EFBC}") = "ChangeTokenExample", "ChangeTokenExample\ChangeTokenExample.csproj", "{7E7CC19B-3A5C-49A1-AE33-ABB0054FF967}"
EndProject
Global
	GlobalSection(SolutionConfigurationPlatforms) = preSolution
		Debug|Any CPU = Debug|Any CPU
		Release|Any CPU = Release|Any CPU
	EndGlobalSection
	GlobalSection(ProjectConfigurationPlatforms) = postSolution
		{7E7CC19B-3A5C-49A1-AE33-ABB0054FF967}.Debug|Any CPU.ActiveCfg = Debug|Any CPU
		{7E7CC19B-3A5C-49A1-AE33-ABB0054FF967}.Debug|Any CPU.Build.0 = Debug|Any CPU
		{7E7CC19B-3A5C-49A1-AE33-ABB0054FF967}.Release|Any CPU.ActiveCfg = Release|Any CPU
		{7E7CC19B-3A5C-49A1-AE33-ABB0054FF967}.Release|Any CPU.Build.0 = Release|Any CPU
	EndGlobalSection
	GlobalSection(SolutionProperties) = preSolution
		HideSolutionNode = FALSE
	EndGlobalSection
	GlobalSection(ExtensibilityGlobals) = postSolution
		SolutionGuid = {FBF8A1A3-847C-4644-A64E-20ACD4E1FA74}
	EndGlobalSection
EndGlobal
